
Microsoft Visual Studio Solution File, Format Version 12.00
Project("{FAE04EC0-301F-11D3-BF4B-00C04F79EFBC}") = "Cliffly", "Cliffly\Cliffly.csproj", "{17E2445C-F9A7-4B1A-90F0-D6863DEE2162}"
EndProject
Global
	GlobalSection(SolutionConfigurationPlatforms) = preSolution
		Debug|Any CPU = Debug|Any CPU
		Release|Any CPU = Release|Any CPU
	EndGlobalSection
	GlobalSection(ProjectConfigurationPlatforms) = postSolution
		{17E2445C-F9A7-4B1A-90F0-D6863DEE2162}.Debug|Any CPU.ActiveCfg = Debug|Any CPU
		{17E2445C-F9A7-4B1A-90F0-D6863DEE2162}.Debug|Any CPU.Build.0 = Debug|Any CPU
		{17E2445C-F9A7-4B1A-90F0-D6863DEE2162}.Release|Any CPU.ActiveCfg = Release|Any CPU
		{17E2445C-F9A7-4B1A-90F0-D6863DEE2162}.Release|Any CPU.Build.0 = Release|Any CPU
	EndGlobalSection
EndGlobal
