
Microsoft Visual Studio Solution File, Format Version 12.00
Project("{FAE04EC0-301F-11D3-BF4B-00C04F79EFBC}") = "Cliffly", "Cliffly\Cliffly.csproj", "{17E2445C-F9A7-4B1A-90F0-D6863DEE2162}"
EndProject
Project("{FAE04EC0-301F-11D3-BF4B-00C04F79EFBC}") = "Cliffly.Tests", "Cliffly.Tests\Cliffly.Tests.csproj", "{CE55752F-7E84-4B44-B99B-497712AFD26E}"
EndProject
Global
	GlobalSection(SolutionConfigurationPlatforms) = preSolution
		Debug|Any CPU = Debug|Any CPU
		Debug|x64 = Debug|x64
		Debug|x86 = Debug|x86
		Release|Any CPU = Release|Any CPU
		Release|x64 = Release|x64
		Release|x86 = Release|x86
	EndGlobalSection
	GlobalSection(ProjectConfigurationPlatforms) = postSolution
		{17E2445C-F9A7-4B1A-90F0-D6863DEE2162}.Debug|Any CPU.ActiveCfg = Debug|Any CPU
		{17E2445C-F9A7-4B1A-90F0-D6863DEE2162}.Debug|Any CPU.Build.0 = Debug|Any CPU
		{17E2445C-F9A7-4B1A-90F0-D6863DEE2162}.Debug|x64.ActiveCfg = Debug|Any CPU
		{17E2445C-F9A7-4B1A-90F0-D6863DEE2162}.Debug|x64.Build.0 = Debug|Any CPU
		{17E2445C-F9A7-4B1A-90F0-D6863DEE2162}.Debug|x86.ActiveCfg = Debug|Any CPU
		{17E2445C-F9A7-4B1A-90F0-D6863DEE2162}.Debug|x86.Build.0 = Debug|Any CPU
		{17E2445C-F9A7-4B1A-90F0-D6863DEE2162}.Release|Any CPU.ActiveCfg = Release|Any CPU
		{17E2445C-F9A7-4B1A-90F0-D6863DEE2162}.Release|Any CPU.Build.0 = Release|Any CPU
		{17E2445C-F9A7-4B1A-90F0-D6863DEE2162}.Release|x64.ActiveCfg = Release|Any CPU
		{17E2445C-F9A7-4B1A-90F0-D6863DEE2162}.Release|x64.Build.0 = Release|Any CPU
		{17E2445C-F9A7-4B1A-90F0-D6863DEE2162}.Release|x86.ActiveCfg = Release|Any CPU
		{17E2445C-F9A7-4B1A-90F0-D6863DEE2162}.Release|x86.Build.0 = Release|Any CPU
		{CE55752F-7E84-4B44-B99B-497712AFD26E}.Debug|Any CPU.ActiveCfg = Debug|Any CPU
		{CE55752F-7E84-4B44-B99B-497712AFD26E}.Debug|Any CPU.Build.0 = Debug|Any CPU
		{CE55752F-7E84-4B44-B99B-497712AFD26E}.Debug|x64.ActiveCfg = Debug|Any CPU
		{CE55752F-7E84-4B44-B99B-497712AFD26E}.Debug|x64.Build.0 = Debug|Any CPU
		{CE55752F-7E84-4B44-B99B-497712AFD26E}.Debug|x86.ActiveCfg = Debug|Any CPU
		{CE55752F-7E84-4B44-B99B-497712AFD26E}.Debug|x86.Build.0 = Debug|Any CPU
		{CE55752F-7E84-4B44-B99B-497712AFD26E}.Release|Any CPU.ActiveCfg = Release|Any CPU
		{CE55752F-7E84-4B44-B99B-497712AFD26E}.Release|Any CPU.Build.0 = Release|Any CPU
		{CE55752F-7E84-4B44-B99B-497712AFD26E}.Release|x64.ActiveCfg = Release|Any CPU
		{CE55752F-7E84-4B44-B99B-497712AFD26E}.Release|x64.Build.0 = Release|Any CPU
		{CE55752F-7E84-4B44-B99B-497712AFD26E}.Release|x86.ActiveCfg = Release|Any CPU
		{CE55752F-7E84-4B44-B99B-497712AFD26E}.Release|x86.Build.0 = Release|Any CPU
	EndGlobalSection
	GlobalSection(SolutionProperties) = preSolution
		HideSolutionNode = FALSE
	EndGlobalSection
EndGlobal
